
Microsoft Visual Studio Solution File, Format Version 12.00
# Visual Studio Version 16
VisualStudioVersion = 16.0.31911.196
MinimumVisualStudioVersion = 10.0.40219.1
Project("{FAE04EC0-301F-11D3-BF4B-00C04F79EFBC}") = "NBA Fantasy", "espn\NBA Fantasy.csproj", "{D35F47F4-75A3-470A-A709-311E25EFC788}"
EndProject
Global
	GlobalSection(SolutionConfigurationPlatforms) = preSolution
		Debug|Any CPU = Debug|Any CPU
		Release|Any CPU = Release|Any CPU
	EndGlobalSection
	GlobalSection(ProjectConfigurationPlatforms) = postSolution
		{D35F47F4-75A3-470A-A709-311E25EFC788}.Debug|Any CPU.ActiveCfg = Debug|Any CPU
		{D35F47F4-75A3-470A-A709-311E25EFC788}.Debug|Any CPU.Build.0 = Debug|Any CPU
		{D35F47F4-75A3-470A-A709-311E25EFC788}.Release|Any CPU.ActiveCfg = Release|Any CPU
		{D35F47F4-75A3-470A-A709-311E25EFC788}.Release|Any CPU.Build.0 = Release|Any CPU
	EndGlobalSection
	GlobalSection(SolutionProperties) = preSolution
		HideSolutionNode = FALSE
	EndGlobalSection
	GlobalSection(ExtensibilityGlobals) = postSolution
		SolutionGuid = {F3107E7B-CF07-4FDC-B90D-7D5744B61C07}
	EndGlobalSection
EndGlobal
